
Microsoft Visual Studio Solution File, Format Version 12.00
# Visual Studio Version 17
VisualStudioVersion = 17.14.36429.23 d17.14
MinimumVisualStudioVersion = 10.0.40219.1
Project("{8BC9CEB8-8B4A-11D0-8D11-00A0C91BC942}") = "ex14_1", "ex14_1\ex14_1.vcxproj", "{D8574A20-D6E9-4893-87F5-49086C78379F}"
EndProject
Global
	GlobalSection(SolutionConfigurationPlatforms) = preSolution
		Debug|x64 = Debug|x64
		Debug|x86 = Debug|x86
		Release|x64 = Release|x64
		Release|x86 = Release|x86
	EndGlobalSection
	GlobalSection(ProjectConfigurationPlatforms) = postSolution
		{D8574A20-D6E9-4893-87F5-49086C78379F}.Debug|x64.ActiveCfg = Debug|x64
		{D8574A20-D6E9-4893-87F5-49086C78379F}.Debug|x64.Build.0 = Debug|x64
		{D8574A20-D6E9-4893-87F5-49086C78379F}.Debug|x86.ActiveCfg = Debug|Win32
		{D8574A20-D6E9-4893-87F5-49086C78379F}.Debug|x86.Build.0 = Debug|Win32
		{D8574A20-D6E9-4893-87F5-49086C78379F}.Release|x64.ActiveCfg = Release|x64
		{D8574A20-D6E9-4893-87F5-49086C78379F}.Release|x64.Build.0 = Release|x64
		{D8574A20-D6E9-4893-87F5-49086C78379F}.Release|x86.ActiveCfg = Release|Win32
		{D8574A20-D6E9-4893-87F5-49086C78379F}.Release|x86.Build.0 = Release|Win32
	EndGlobalSection
	GlobalSection(SolutionProperties) = preSolution
		HideSolutionNode = FALSE
	EndGlobalSection
	GlobalSection(ExtensibilityGlobals) = postSolution
		SolutionGuid = {8A3098F3-92EA-44C3-AAD7-5D0BEF7C2629}
	EndGlobalSection
EndGlobal
