
Microsoft Visual Studio Solution File, Format Version 12.00
# Visual Studio Version 17
VisualStudioVersion = 17.14.36429.23 d17.14
MinimumVisualStudioVersion = 10.0.40219.1
Project("{8BC9CEB8-8B4A-11D0-8D11-00A0C91BC942}") = "ex14_7", "ex14_7\ex14_7.vcxproj", "{213E2CF8-9EF6-4BEC-A925-B3EF4AC96232}"
EndProject
Global
	GlobalSection(SolutionConfigurationPlatforms) = preSolution
		Debug|x64 = Debug|x64
		Debug|x86 = Debug|x86
		Release|x64 = Release|x64
		Release|x86 = Release|x86
	EndGlobalSection
	GlobalSection(ProjectConfigurationPlatforms) = postSolution
		{213E2CF8-9EF6-4BEC-A925-B3EF4AC96232}.Debug|x64.ActiveCfg = Debug|x64
		{213E2CF8-9EF6-4BEC-A925-B3EF4AC96232}.Debug|x64.Build.0 = Debug|x64
		{213E2CF8-9EF6-4BEC-A925-B3EF4AC96232}.Debug|x86.ActiveCfg = Debug|Win32
		{213E2CF8-9EF6-4BEC-A925-B3EF4AC96232}.Debug|x86.Build.0 = Debug|Win32
		{213E2CF8-9EF6-4BEC-A925-B3EF4AC96232}.Release|x64.ActiveCfg = Release|x64
		{213E2CF8-9EF6-4BEC-A925-B3EF4AC96232}.Release|x64.Build.0 = Release|x64
		{213E2CF8-9EF6-4BEC-A925-B3EF4AC96232}.Release|x86.ActiveCfg = Release|Win32
		{213E2CF8-9EF6-4BEC-A925-B3EF4AC96232}.Release|x86.Build.0 = Release|Win32
	EndGlobalSection
	GlobalSection(SolutionProperties) = preSolution
		HideSolutionNode = FALSE
	EndGlobalSection
	GlobalSection(ExtensibilityGlobals) = postSolution
		SolutionGuid = {7BC0F295-BB07-4170-98FE-5E82551788DC}
	EndGlobalSection
EndGlobal
