
Microsoft Visual Studio Solution File, Format Version 12.00
# Visual Studio Version 17
VisualStudioVersion = 17.14.36429.23 d17.14
MinimumVisualStudioVersion = 10.0.40219.1
Project("{8BC9CEB8-8B4A-11D0-8D11-00A0C91BC942}") = "ex16_1_1", "ex16_1_1\ex16_1_1.vcxproj", "{E1903EB6-67D3-4BCA-9D97-DD821814AAAF}"
EndProject
Global
	GlobalSection(SolutionConfigurationPlatforms) = preSolution
		Debug|x64 = Debug|x64
		Debug|x86 = Debug|x86
		Release|x64 = Release|x64
		Release|x86 = Release|x86
	EndGlobalSection
	GlobalSection(ProjectConfigurationPlatforms) = postSolution
		{E1903EB6-67D3-4BCA-9D97-DD821814AAAF}.Debug|x64.ActiveCfg = Debug|x64
		{E1903EB6-67D3-4BCA-9D97-DD821814AAAF}.Debug|x64.Build.0 = Debug|x64
		{E1903EB6-67D3-4BCA-9D97-DD821814AAAF}.Debug|x86.ActiveCfg = Debug|Win32
		{E1903EB6-67D3-4BCA-9D97-DD821814AAAF}.Debug|x86.Build.0 = Debug|Win32
		{E1903EB6-67D3-4BCA-9D97-DD821814AAAF}.Release|x64.ActiveCfg = Release|x64
		{E1903EB6-67D3-4BCA-9D97-DD821814AAAF}.Release|x64.Build.0 = Release|x64
		{E1903EB6-67D3-4BCA-9D97-DD821814AAAF}.Release|x86.ActiveCfg = Release|Win32
		{E1903EB6-67D3-4BCA-9D97-DD821814AAAF}.Release|x86.Build.0 = Release|Win32
	EndGlobalSection
	GlobalSection(SolutionProperties) = preSolution
		HideSolutionNode = FALSE
	EndGlobalSection
	GlobalSection(ExtensibilityGlobals) = postSolution
		SolutionGuid = {E132C869-828C-400F-89C5-54950FC7C037}
	EndGlobalSection
EndGlobal
